
Microsoft Visual Studio Solution File, Format Version 12.00
# Visual Studio 2013
VisualStudioVersion = 12.0.21005.1
MinimumVisualStudioVersion = 10.0.40219.1
Project("{FAE04EC0-301F-11D3-BF4B-00C04F79EFBC}") = "BSC.Code.Library", "BSC.Code.Library\BSC.Code.Library.csproj", "{5937E060-C3B4-4B27-9511-21B28770CA73}"
EndProject
Project("{FAE04EC0-301F-11D3-BF4B-00C04F79EFBC}") = "BSC.Code.Test", "BSC.Code.Test\BSC.Code.Test.csproj", "{BF18D7DE-757E-428F-8EE9-A521C76E578A}"
EndProject
Project("{2150E333-8FDC-42A3-9474-1A3956D46DE8}") = ".nuget", ".nuget", "{F4A65FCA-B503-4193-A661-2B79D3E0EA45}"
	ProjectSection(SolutionItems) = preProject
		.nuget\packages.config = .nuget\packages.config
	EndProjectSection
EndProject
Project("{FAE04EC0-301F-11D3-BF4B-00C04F79EFBC}") = "BSC.Code.Console", "BSC.Code.Console\BSC.Code.Console.csproj", "{F6043CFE-1E46-4287-B350-4233A6A331CB}"
EndProject
Project("{FAE04EC0-301F-11D3-BF4B-00C04F79EFBC}") = "BSC.Code.WebTest", "BSC.Code.WebTest\BSC.Code.WebTest.csproj", "{6C805699-430B-4DB3-95F1-2D3F0676C6F9}"
EndProject
Global
	GlobalSection(SolutionConfigurationPlatforms) = preSolution
		Debug|Any CPU = Debug|Any CPU
		Release|Any CPU = Release|Any CPU
	EndGlobalSection
	GlobalSection(ProjectConfigurationPlatforms) = postSolution
		{5937E060-C3B4-4B27-9511-21B28770CA73}.Debug|Any CPU.ActiveCfg = Debug|Any CPU
		{5937E060-C3B4-4B27-9511-21B28770CA73}.Debug|Any CPU.Build.0 = Debug|Any CPU
		{5937E060-C3B4-4B27-9511-21B28770CA73}.Release|Any CPU.ActiveCfg = Release|Any CPU
		{5937E060-C3B4-4B27-9511-21B28770CA73}.Release|Any CPU.Build.0 = Release|Any CPU
		{BF18D7DE-757E-428F-8EE9-A521C76E578A}.Debug|Any CPU.ActiveCfg = Debug|Any CPU
		{BF18D7DE-757E-428F-8EE9-A521C76E578A}.Debug|Any CPU.Build.0 = Debug|Any CPU
		{BF18D7DE-757E-428F-8EE9-A521C76E578A}.Release|Any CPU.ActiveCfg = Release|Any CPU
		{BF18D7DE-757E-428F-8EE9-A521C76E578A}.Release|Any CPU.Build.0 = Release|Any CPU
		{F6043CFE-1E46-4287-B350-4233A6A331CB}.Debug|Any CPU.ActiveCfg = Debug|Any CPU
		{F6043CFE-1E46-4287-B350-4233A6A331CB}.Debug|Any CPU.Build.0 = Debug|Any CPU
		{F6043CFE-1E46-4287-B350-4233A6A331CB}.Release|Any CPU.ActiveCfg = Release|Any CPU
		{F6043CFE-1E46-4287-B350-4233A6A331CB}.Release|Any CPU.Build.0 = Release|Any CPU
		{6C805699-430B-4DB3-95F1-2D3F0676C6F9}.Debug|Any CPU.ActiveCfg = Debug|Any CPU
		{6C805699-430B-4DB3-95F1-2D3F0676C6F9}.Debug|Any CPU.Build.0 = Debug|Any CPU
		{6C805699-430B-4DB3-95F1-2D3F0676C6F9}.Release|Any CPU.ActiveCfg = Release|Any CPU
		{6C805699-430B-4DB3-95F1-2D3F0676C6F9}.Release|Any CPU.Build.0 = Release|Any CPU
	EndGlobalSection
	GlobalSection(SolutionProperties) = preSolution
		HideSolutionNode = FALSE
	EndGlobalSection
EndGlobal
